
Microsoft Visual Studio Solution File, Format Version 12.00
# Visual Studio Version 17
VisualStudioVersion = 17.10.34916.146
MinimumVisualStudioVersion = 10.0.40219.1
Project("{FAE04EC0-301F-11D3-BF4B-00C04F79EFBC}") = "ScientificCal", "ScientificCal.csproj", "{93A8BC6C-55E5-43E4-8EB0-E0AAD1DA6BDB}"
EndProject
Global
	GlobalSection(SolutionConfigurationPlatforms) = preSolution
		Debug|Any CPU = Debug|Any CPU
		Release|Any CPU = Release|Any CPU
	EndGlobalSection
	GlobalSection(ProjectConfigurationPlatforms) = postSolution
		{93A8BC6C-55E5-43E4-8EB0-E0AAD1DA6BDB}.Debug|Any CPU.ActiveCfg = Debug|Any CPU
		{93A8BC6C-55E5-43E4-8EB0-E0AAD1DA6BDB}.Debug|Any CPU.Build.0 = Debug|Any CPU
		{93A8BC6C-55E5-43E4-8EB0-E0AAD1DA6BDB}.Release|Any CPU.ActiveCfg = Release|Any CPU
		{93A8BC6C-55E5-43E4-8EB0-E0AAD1DA6BDB}.Release|Any CPU.Build.0 = Release|Any CPU
	EndGlobalSection
	GlobalSection(SolutionProperties) = preSolution
		HideSolutionNode = FALSE
	EndGlobalSection
	GlobalSection(ExtensibilityGlobals) = postSolution
		SolutionGuid = {EF6C40A0-A942-4DC8-ADF9-D6D65D805892}
	EndGlobalSection
EndGlobal
